
Microsoft Visual Studio Solution File, Format Version 12.00
# Visual Studio Version 16
VisualStudioVersion = 16.0.30104.148
MinimumVisualStudioVersion = 10.0.40219.1
Project("{FAE04EC0-301F-11D3-BF4B-00C04F79EFBC}") = "StockRoom", "Курсовая\StockRoom.csproj", "{AE2BD733-85E4-4E89-AA67-7D324C502DE6}"
EndProject
Global
	GlobalSection(SolutionConfigurationPlatforms) = preSolution
		Debug|Any CPU = Debug|Any CPU
		Release|Any CPU = Release|Any CPU
	EndGlobalSection
	GlobalSection(ProjectConfigurationPlatforms) = postSolution
		{AE2BD733-85E4-4E89-AA67-7D324C502DE6}.Debug|Any CPU.ActiveCfg = Debug|Any CPU
		{AE2BD733-85E4-4E89-AA67-7D324C502DE6}.Debug|Any CPU.Build.0 = Debug|Any CPU
		{AE2BD733-85E4-4E89-AA67-7D324C502DE6}.Release|Any CPU.ActiveCfg = Release|Any CPU
		{AE2BD733-85E4-4E89-AA67-7D324C502DE6}.Release|Any CPU.Build.0 = Release|Any CPU
	EndGlobalSection
	GlobalSection(SolutionProperties) = preSolution
		HideSolutionNode = FALSE
	EndGlobalSection
	GlobalSection(ExtensibilityGlobals) = postSolution
		SolutionGuid = {27677994-6E32-4A9E-ACEC-4F8510CE9487}
	EndGlobalSection
EndGlobal
